# @generated by Move, please check-in and do not edit manually.

[move]
version = 3
manifest_digest = "36C7B1AC41B9B181669B7AC4813CA0AE5BAB81396F07DA0E93E14493D0D04BDC"
deps_digest = "F8BBB0CCB2491CA29A3DF03D6F92277A4F3574266507ACD77214D37ECA3F3082"
dependencies = [
  { id = "Sui", name = "Sui" },
]

[[move.package]]
id = "MoveStdlib"
source = { git = "https://github.com/MystenLabs/sui.git", rev = "framework/devnet", subdir = "crates/sui-framework/packages/move-stdlib" }

[[move.package]]
id = "Sui"
source = { git = "https://github.com/MystenLabs/sui.git", rev = "framework/devnet", subdir = "crates/sui-framework/packages/sui-framework" }

dependencies = [
  { id = "MoveStdlib", name = "MoveStdlib" },
]

[move.toolchain-version]
compiler-version = "1.58.2"
edition = "2024.beta"
flavor = "sui"

[env]

[env.devnet]
chain-id = "9ada86bf"
original-published-id = "0x1ed1e0ffe3aeb36507b17db20e4876ed093cdcbf644268de95e17697144c0510"
latest-published-id = "0x1ed1e0ffe3aeb36507b17db20e4876ed093cdcbf644268de95e17697144c0510"
published-version = "1"
